{
  "name": "svelte",
  "lockfileVersion": 3,
  "requires": true,
  "packages": {
    "": {
      "devDependencies": {
        "@colorfuldots/svelteit": "^1.0.0-alpha.7"
      }
    },
    "node_modules/@colorfuldots/svelteit": {
      "version": "1.0.0-alpha.7",
      "resolved": "https://registry.npmjs.org/@colorfuldots/svelteit/-/svelteit-1.0.0-alpha.7.tgz",
      "integrity": "sha512-k2Ls64X6TIGaDpQpPlEXuvlkXhQVkC/6sJmgi9hzgn+ty8hMsxf2fINvMTtlywRDtqqMkH/DbFlUbEv9kzQkRw==",
      "dev": true,
      "dependencies": {
        "svelte-css-vars": "0.0.1"
      }
    },
    "node_modules/svelte-css-vars": {
      "version": "0.0.1",
      "resolved": "https://registry.npmjs.org/svelte-css-vars/-/svelte-css-vars-0.0.1.tgz",
      "integrity": "sha512-SXsLuHvpC40H14iCRH8zp/NnY/tKGhQhmHSx31PhUNvo+Hyw7IovTnx4ICsYlg4tS7kFsYtOh5sNSdvGsY6AQA==",
      "dev": true
    }
  }
}
